<?xml version="1.0" encoding="utf-8"?>
<Project ToolsVersion="4.0" xmlns="http://schemas.microsoft.com/developer/msbuild/2003">
  <ItemGroup>
    <Filter Include="Source Files">
      <UniqueIdentifier>{4FC737F1-C7A5-4376-A066-2A32D752A2FF}</UniqueIdentifier>
      <Extensions>cpp;c;cc;cxx;def;odl;idl;hpj;bat;asm;asmx</Extensions>
    </Filter>
    <Filter Include="Header Files">
      <UniqueIdentifier>{93995380-89BD-4b04-88EB-625FBE52EBFB}</UniqueIdentifier>
      <Extensions>h;hh;hpp;hxx;hm;inl;inc;xsd</Extensions>
    </Filter>
    <Filter Include="Resource Files">
      <UniqueIdentifier>{67DA6AB6-F800-4c08-8B7A-83BB121AAD01}</UniqueIdentifier>
      <Extensions>rc;ico;cur;bmp;dlg;rc2;rct;bin;rgs;gif;jpg;jpeg;jpe;resx;tiff;tif;png;wav;mfcribbon-ms</Extensions>
    </Filter>
    <Filter Include="Header Files\Entities">
      <UniqueIdentifier>{e2694d3f-c7f1-47d8-a2eb-4814fb7e5433}</UniqueIdentifier>
    </Filter>
    <Filter Include="Header Files\Systems">
      <UniqueIdentifier>{58424ed1-ec8e-484f-a235-7bea1ce8f978}</UniqueIdentifier>
    </Filter>
    <Filter Include="Source Files\Component">
      <UniqueIdentifier>{2ffcedb3-b6f1-4553-9d7c-a08f477f3111}</UniqueIdentifier>
    </Filter>
    <Filter Include="Source Files\Entities">
      <UniqueIdentifier>{5e3194ea-fae0-4613-ba1a-47eae806a7d7}</UniqueIdentifier>
    </Filter>
    <Filter Include="Source Files\Systems">
      <UniqueIdentifier>{eaefc330-0178-4cda-b990-2aa738fc6b5b}</UniqueIdentifier>
    </Filter>
    <Filter Include="Source Files\Component\Player Component">
      <UniqueIdentifier>{388ec4c8-7ac5-4ff1-9429-055af87e07ea}</UniqueIdentifier>
    </Filter>
    <Filter Include="Header Files\Component">
      <UniqueIdentifier>{1a2a3596-c640-4fe6-862d-3daf9e65d049}</UniqueIdentifier>
    </Filter>
    <Filter Include="Header Files\Component\Player Component">
      <UniqueIdentifier>{0519a6c4-617f-4b3f-9fe9-c9b52d1b675b}</UniqueIdentifier>
    </Filter>
    <Filter Include="Source Files\Component\Minion Component">
      <UniqueIdentifier>{3f78f795-5046-4974-9486-c50accad2341}</UniqueIdentifier>
    </Filter>
    <Filter Include="Header Files\Component\Minion Component">
      <UniqueIdentifier>{d5a97396-8e39-486d-87f5-dc2e80deba5a}</UniqueIdentifier>
    </Filter>
    <Filter Include="Source Files\Component\Abstract Component">
      <UniqueIdentifier>{49792e81-21f9-4962-8145-94be216b4bb8}</UniqueIdentifier>
    </Filter>
    <Filter Include="Header Files\Component\Abstract Component">
      <UniqueIdentifier>{1a1b02a6-67f1-4b81-90c5-872a0e7631d2}</UniqueIdentifier>
    </Filter>
    <Filter Include="Header Files\Component\Feather Component">
      <UniqueIdentifier>{331162b9-8eb3-4406-9186-96d688e9a0a5}</UniqueIdentifier>
    </Filter>
    <Filter Include="Source Files\Component\Feather Component">
      <UniqueIdentifier>{f065aa7e-152e-460f-8fb6-22f5dfc9347d}</UniqueIdentifier>
    </Filter>
    <Filter Include="Header Files\Component\Platform Component">
      <UniqueIdentifier>{f696f7b9-ae81-4806-955a-fdebc3885ac7}</UniqueIdentifier>
    </Filter>
    <Filter Include="Source Files\Component\Platform Component">
      <UniqueIdentifier>{e55034b3-fc6a-4f0e-8c7a-1f08fd6b9976}</UniqueIdentifier>
    </Filter>
    <Filter Include="Header Files\Component\Power-Shield Component">
      <UniqueIdentifier>{c3efb030-17e9-46d9-8119-a92948f0f4a8}</UniqueIdentifier>
    </Filter>
    <Filter Include="Source Files\Component\Power-Shield Component">
      <UniqueIdentifier>{a6f81836-19c5-4450-bfb0-5e685d603492}</UniqueIdentifier>
    </Filter>
    <Filter Include="Source Files\Component\MidPlat Component">
      <UniqueIdentifier>{3b75e1a7-95f4-4b10-9871-2bfd2cfb3b15}</UniqueIdentifier>
    </Filter>
    <Filter Include="Header Files\Component\MidPlat Component">
      <UniqueIdentifier>{20d25bb4-0d45-41a9-bcee-b7463fcf2f6e}</UniqueIdentifier>
    </Filter>
    <Filter Include="Header Files\Component\MidPlatSwitch Component">
      <UniqueIdentifier>{aa82bb12-83eb-4bd1-a13b-09e55f079647}</UniqueIdentifier>
    </Filter>
    <Filter Include="Source Files\Component\MidPlatSwitchComponent">
      <UniqueIdentifier>{8090369c-0a2c-418c-bcf3-b085829dab92}</UniqueIdentifier>
    </Filter>
    <Filter Include="Header Files\Component\MidBase Component">
      <UniqueIdentifier>{20679eb2-2ff2-44c9-adae-c2396a0c1872}</UniqueIdentifier>
    </Filter>
    <Filter Include="Source Files\Component\MidBase Component">
      <UniqueIdentifier>{4d803032-a2fa-4bbf-91bc-b21bf061867f}</UniqueIdentifier>
    </Filter>
    <Filter Include="Header Files\Component\MidPlatShield Component">
      <UniqueIdentifier>{0e24d0df-bf05-4fbc-a864-b39c6cc98a05}</UniqueIdentifier>
    </Filter>
    <Filter Include="Source Files\Component\MidPlatShieldComponent">
      <UniqueIdentifier>{4b24c945-2fc5-41d9-b7f5-e4b875c851d7}</UniqueIdentifier>
    </Filter>
    <Filter Include="Source Files\Scenes">
      <UniqueIdentifier>{d903de67-5353-48e8-ac33-168baf317e5b}</UniqueIdentifier>
    </Filter>
    <Filter Include="Header Files\Scenes">
      <UniqueIdentifier>{f1a862ad-3c75-4df3-a4fb-fab49b640b07}</UniqueIdentifier>
    </Filter>
    <Filter Include="Header Files\Component\UI Component">
      <UniqueIdentifier>{52ad27b1-70c0-4f04-bec4-faadf439a155}</UniqueIdentifier>
    </Filter>
    <Filter Include="Source Files\Component\UI Component">
      <UniqueIdentifier>{eb62d946-e2cf-4471-be5e-0fb9ce22dac1}</UniqueIdentifier>
    </Filter>
    <Filter Include="Header Files\Component\Player Component\ClassComponent">
      <UniqueIdentifier>{9928a041-1263-4c98-8a00-2185344054b1}</UniqueIdentifier>
    </Filter>
    <Filter Include="Source Files\Component\Player Component\ClassComponent">
      <UniqueIdentifier>{eb8117af-ad80-4467-9ad1-5d352ee41627}</UniqueIdentifier>
    </Filter>
    <Filter Include="Header Files\Component\Mine Component">
      <UniqueIdentifier>{ad5e6f4f-7d4f-430d-b13c-dd2e3d53aa69}</UniqueIdentifier>
    </Filter>
    <Filter Include="Source Files\Component\Mine Component">
      <UniqueIdentifier>{843b3c67-be3f-40a0-a2d9-32125f227937}</UniqueIdentifier>
    </Filter>
    <Filter Include="Header Files\Component\Effect Component">
      <UniqueIdentifier>{21966f28-28ab-4bec-9818-73c691236d58}</UniqueIdentifier>
    </Filter>
    <Filter Include="Source Files\Component\Effect Component">
      <UniqueIdentifier>{3573d329-9b55-472d-8901-4b673983827d}</UniqueIdentifier>
    </Filter>
    <Filter Include="Source Files\Component\Fan Component">
      <UniqueIdentifier>{e5752f12-cb86-4fe6-80c8-37021245bdc6}</UniqueIdentifier>
    </Filter>
    <Filter Include="Header Files\Component\Fan Component">
      <UniqueIdentifier>{1e3412cd-7e12-4268-bedd-5e394e2d3949}</UniqueIdentifier>
    </Filter>
    <Filter Include="Source Files\Component\Well Component">
      <UniqueIdentifier>{eb30f61b-5d57-4971-876f-284e9bb0c762}</UniqueIdentifier>
    </Filter>
    <Filter Include="Source Files\Component\Launcher Component">
      <UniqueIdentifier>{c276c91e-8539-4973-9bf2-f944edcacd09}</UniqueIdentifier>
    </Filter>
    <Filter Include="Header Files\Component\Launcher Component">
      <UniqueIdentifier>{573d4060-8ce3-436c-b18c-ba23a241472c}</UniqueIdentifier>
    </Filter>
    <Filter Include="Header Files\Component\Well Component">
      <UniqueIdentifier>{93f59957-c6b0-45d8-9b46-7addb0d4f851}</UniqueIdentifier>
    </Filter>
    <Filter Include="Header Files\Component\Boomerang Component">
      <UniqueIdentifier>{cc13f88f-0a91-44e8-87f0-3fcba898c93a}</UniqueIdentifier>
    </Filter>
    <Filter Include="Source Files\Component\Boomerang Component">
      <UniqueIdentifier>{e688c01d-41a4-4e83-b40f-2c7e067b5cb6}</UniqueIdentifier>
    </Filter>
    <Filter Include="Source Files\Component\Button Component">
      <UniqueIdentifier>{d128a0a4-9d8b-41d6-ba07-e5112273c5bb}</UniqueIdentifier>
    </Filter>
    <Filter Include="Source Files\Component\MidBird Component">
      <UniqueIdentifier>{c0960181-1c7d-4307-826a-3196445e586c}</UniqueIdentifier>
    </Filter>
    <Filter Include="Header Files\Component\MidBird Component">
      <UniqueIdentifier>{605e55d4-ef0b-43cf-82f7-10561c9f30cf}</UniqueIdentifier>
    </Filter>
    <Filter Include="Header Files\Component\Button Component">
      <UniqueIdentifier>{36f501cd-a269-46d5-8975-397b900899ab}</UniqueIdentifier>
    </Filter>
  </ItemGroup>
  <ItemGroup>
    <ClInclude Include="Component.h">
      <Filter>Header Files\Component\Abstract Component</Filter>
    </ClInclude>
    <ClInclude Include="MovementComponent.h">
      <Filter>Header Files\Component\Abstract Component</Filter>
    </ClInclude>
    <ClInclude Include="InputComponent.h">
      <Filter>Header Files\Component\Abstract Component</Filter>
    </ClInclude>
    <ClInclude Include="RenderComponent.h">
      <Filter>Header Files\Component\Abstract Component</Filter>
    </ClInclude>
    <ClInclude Include="GameObjectFactory.h">
      <Filter>Header Files\Entities</Filter>
    </ClInclude>
    <ClInclude Include="GameObject.h">
      <Filter>Header Files\Entities</Filter>
    </ClInclude>
    <ClInclude Include="PlayerObjectFactory.h">
      <Filter>Header Files\Entities</Filter>
    </ClInclude>
    <ClInclude Include="PlayerRenderComponent.h">
      <Filter>Header Files\Component\Player Component</Filter>
    </ClInclude>
    <ClInclude Include="SystemRenderUpdater.h">
      <Filter>Header Files\Systems</Filter>
    </ClInclude>
    <ClInclude Include="SystemInputUpdater.h">
      <Filter>Header Files\Systems</Filter>
    </ClInclude>
    <ClInclude Include="SystemGameObjectQueue.h">
      <Filter>Header Files\Systems</Filter>
    </ClInclude>
    <ClInclude Include="PlayerInputComponent.h">
      <Filter>Header Files\Component\Player Component</Filter>
    </ClInclude>
    <ClInclude Include="LogicComponent.h">
      <Filter>Header Files\Component\Abstract Component</Filter>
    </ClInclude>
    <ClInclude Include="PlayerLogicComponent.h">
      <Filter>Header Files\Component\Player Component</Filter>
    </ClInclude>
    <ClInclude Include="SystemLogicUpdater.h">
      <Filter>Header Files\Systems</Filter>
    </ClInclude>
    <ClInclude Include="NetworkComponent.h">
      <Filter>Header Files\Component\Abstract Component</Filter>
    </ClInclude>
    <ClInclude Include="SystemNetworkUpdater.h">
      <Filter>Header Files\Systems</Filter>
    </ClInclude>
    <ClInclude Include="PlayerNetworkComponent.h">
      <Filter>Header Files\Component\Player Component</Filter>
    </ClInclude>
    <ClInclude Include="PhysicsComponent.h">
      <Filter>Header Files\Component\Abstract Component</Filter>
    </ClInclude>
    <ClInclude Include="SystemPhysicsUpdater.h">
      <Filter>Header Files\Systems</Filter>
    </ClInclude>
    <ClInclude Include="PlayerPhysicsComponent.h">
      <Filter>Header Files\Component\Player Component</Filter>
    </ClInclude>
    <ClInclude Include="MinionLogicComponent.h">
      <Filter>Header Files\Component\Minion Component</Filter>
    </ClInclude>
    <ClInclude Include="MinionNetworkComponent.h">
      <Filter>Header Files\Component\Minion Component</Filter>
    </ClInclude>
    <ClInclude Include="MinionPhysicsComponent.h">
      <Filter>Header Files\Component\Minion Component</Filter>
    </ClInclude>
    <ClInclude Include="MinionRenderComponent.h">
      <Filter>Header Files\Component\Minion Component</Filter>
    </ClInclude>
    <ClInclude Include="MinionObjectFactory.h">
      <Filter>Header Files\Entities</Filter>
    </ClInclude>
    <ClInclude Include="FeatherLogicComponent.h">
      <Filter>Header Files\Component\Feather Component</Filter>
    </ClInclude>
    <ClInclude Include="FeatherNetworkComponent.h">
      <Filter>Header Files\Component\Feather Component</Filter>
    </ClInclude>
    <ClInclude Include="FeatherPhysicsComponent.h">
      <Filter>Header Files\Component\Feather Component</Filter>
    </ClInclude>
    <ClInclude Include="FeatherRenderComponent.h">
      <Filter>Header Files\Component\Feather Component</Filter>
    </ClInclude>
    <ClInclude Include="FeatherObjectFactory.h">
      <Filter>Header Files\Entities</Filter>
    </ClInclude>
    <ClInclude Include="PhysicsListener.h">
      <Filter>Header Files</Filter>
    </ClInclude>
    <ClInclude Include="PlatformPhysicsComponent.h">
      <Filter>Header Files\Component\Platform Component</Filter>
    </ClInclude>
    <ClInclude Include="PlatformRenderComponent.h">
      <Filter>Header Files\Component\Platform Component</Filter>
    </ClInclude>
    <ClInclude Include="PlatformComponentIncludes.h">
      <Filter>Header Files\Component\Platform Component</Filter>
    </ClInclude>
    <ClInclude Include="PlatformObjectFactory.h">
      <Filter>Header Files\Entities</Filter>
    </ClInclude>
    <ClInclude Include="MinionComponentIncludes.h">
      <Filter>Header Files\Component\Minion Component</Filter>
    </ClInclude>
    <ClInclude Include="FeatherComponentIncludes.h">
      <Filter>Header Files\Component\Feather Component</Filter>
    </ClInclude>
    <ClInclude Include="PlayerComponentIncludes.h">
      <Filter>Header Files\Component\Player Component</Filter>
    </ClInclude>
    <ClInclude Include="PowerShieldLogicComponent.h">
      <Filter>Header Files\Component\Power-Shield Component</Filter>
    </ClInclude>
    <ClInclude Include="PowerShieldObjectFactory.h">
      <Filter>Header Files\Entities</Filter>
    </ClInclude>
    <ClInclude Include="PowerShieldRenderComponent.h">
      <Filter>Header Files\Component\Power-Shield Component</Filter>
    </ClInclude>
    <ClInclude Include="PowerShieldPhysicsComponent.h">
      <Filter>Header Files\Component\Power-Shield Component</Filter>
    </ClInclude>
    <ClInclude Include="PowerShieldIncludes.h">
      <Filter>Header Files\Component\Power-Shield Component</Filter>
    </ClInclude>
    <ClInclude Include="PowerShieldNetworkComponent.h">
      <Filter>Header Files\Component\Power-Shield Component</Filter>
    </ClInclude>
    <ClInclude Include="AllComponentIncludes.h">
      <Filter>Header Files\Component\Abstract Component</Filter>
    </ClInclude>
    <ClInclude Include="MidPlatLogicComponent.h">
      <Filter>Header Files\Component\MidPlat Component</Filter>
    </ClInclude>
    <ClInclude Include="MidPlatRenderComponent.h">
      <Filter>Header Files\Component\MidPlat Component</Filter>
    </ClInclude>
    <ClInclude Include="MidPlatPhysicsComponent.h">
      <Filter>Header Files\Component\MidPlat Component</Filter>
    </ClInclude>
    <ClInclude Include="MidBaseLogicComponent.h">
      <Filter>Header Files\Component\MidBase Component</Filter>
    </ClInclude>
    <ClInclude Include="MidBaseRenderComponent.h">
      <Filter>Header Files\Component\MidBase Component</Filter>
    </ClInclude>
    <ClInclude Include="MidBasePhysicsComponent.h">
      <Filter>Header Files\Component\MidBase Component</Filter>
    </ClInclude>
    <ClInclude Include="MidPlatSwitchRenderComponent.h">
      <Filter>Header Files\Component\MidPlatSwitch Component</Filter>
    </ClInclude>
    <ClInclude Include="MidPlatSwitchPhysicsComponent.h">
      <Filter>Header Files\Component\MidPlatSwitch Component</Filter>
    </ClInclude>
    <ClInclude Include="MidPlatSwitchLogicComponent.h">
      <Filter>Header Files\Component\MidPlatSwitch Component</Filter>
    </ClInclude>
    <ClInclude Include="MidPlatShieldRenderComponent.h">
      <Filter>Header Files\Component\MidPlatShield Component</Filter>
    </ClInclude>
    <ClInclude Include="MidPlatShieldLogicComponent.h">
      <Filter>Header Files\Component\MidPlatShield Component</Filter>
    </ClInclude>
    <ClInclude Include="MidPlatShieldPhysicsComponent.h">
      <Filter>Header Files\Component\MidPlatShield Component</Filter>
    </ClInclude>
    <ClInclude Include="MidPlatComponentIncludes.h">
      <Filter>Header Files\Component\MidPlat Component</Filter>
    </ClInclude>
    <ClInclude Include="start.h">
      <Filter>Header Files\Scenes</Filter>
    </ClInclude>
    <ClInclude Include="main.h">
      <Filter>Header Files\Scenes</Filter>
    </ClInclude>
    <ClInclude Include="lobby.h">
      <Filter>Header Files\Scenes</Filter>
    </ClInclude>
    <ClInclude Include="GameSession.h">
      <Filter>Header Files\Scenes</Filter>
    </ClInclude>
    <ClInclude Include="UIObjectFactory.h">
      <Filter>Header Files\Entities</Filter>
    </ClInclude>
    <ClInclude Include="WorldObjectFactory.h">
      <Filter>Header Files\Entities</Filter>
    </ClInclude>
    <ClInclude Include="SystemUIUpdater.h">
      <Filter>Header Files\Systems</Filter>
    </ClInclude>
    <ClInclude Include="MidPlatObjectFactory.h">
      <Filter>Header Files\Entities</Filter>
    </ClInclude>
    <ClInclude Include="UIInputComponent.h">
      <Filter>Header Files\Component\UI Component</Filter>
    </ClInclude>
    <ClInclude Include="UIComponent.h">
      <Filter>Header Files\Component\Abstract Component</Filter>
    </ClInclude>
    <ClInclude Include="SystemUIObjectQueue.h">
      <Filter>Header Files\Systems</Filter>
    </ClInclude>
    <ClInclude Include="UIObject.h">
      <Filter>Header Files\Entities</Filter>
    </ClInclude>
    <ClInclude Include="MidBaseObjectFactory.h">
      <Filter>Header Files\Entities</Filter>
    </ClInclude>
    <ClInclude Include="MidBaseComponentIncludes.h">
      <Filter>Header Files\Component\MidBase Component</Filter>
    </ClInclude>
    <ClInclude Include="ChickenClassComponent.h">
      <Filter>Header Files\Component\Player Component\ClassComponent</Filter>
    </ClInclude>
    <ClInclude Include="ClassComponent.h">
      <Filter>Header Files\Component\Abstract Component</Filter>
    </ClInclude>
    <ClInclude Include="ClassComponentIncludes.h">
      <Filter>Header Files\Component\Player Component\ClassComponent</Filter>
    </ClInclude>
    <ClInclude Include="SystemClassUpdater.h">
      <Filter>Header Files\Systems</Filter>
    </ClInclude>
    <ClInclude Include="GameWorld.h">
      <Filter>Header Files\Scenes</Filter>
    </ClInclude>
    <ClInclude Include="config.h">
      <Filter>Header Files</Filter>
    </ClInclude>
    <ClInclude Include="MidPlatShieldComponentIncludes.h">
      <Filter>Header Files\Component\MidPlatShield Component</Filter>
    </ClInclude>
    <ClInclude Include="MidPlatSwitchComponentIncludes.h">
      <Filter>Header Files\Component\MidPlatSwitch Component</Filter>
    </ClInclude>
    <ClInclude Include="PeacockClassComponent.h">
      <Filter>Header Files\Component\Player Component\ClassComponent</Filter>
    </ClInclude>
    <ClInclude Include="QuailClassComponent.h">
      <Filter>Header Files\Component\Player Component\ClassComponent</Filter>
    </ClInclude>
    <ClInclude Include="EagleClassComponent.h">
      <Filter>Header Files\Component\Player Component\ClassComponent</Filter>
    </ClInclude>
    <ClInclude Include="FlamingoClassComponent.h">
      <Filter>Header Files\Component\Player Component\ClassComponent</Filter>
    </ClInclude>
    <ClInclude Include="TurkeyClassComponent.h">
      <Filter>Header Files\Component\Player Component\ClassComponent</Filter>
    </ClInclude>
    <ClInclude Include="GameEnd.h">
      <Filter>Header Files\Scenes</Filter>
    </ClInclude>
    <ClInclude Include="ParticleRenderComponent.h">
      <Filter>Header Files\Component</Filter>
    </ClInclude>
    <ClInclude Include="MidPlatShieldObjectFactory.h">
      <Filter>Header Files\Entities</Filter>
    </ClInclude>
    <ClInclude Include="MineRenderComponent.h">
      <Filter>Header Files\Component\Mine Component</Filter>
    </ClInclude>
    <ClInclude Include="MineComponentIncludes.h">
      <Filter>Header Files\Component\Mine Component</Filter>
    </ClInclude>
    <ClInclude Include="MineLogicComponent.h">
      <Filter>Header Files\Component\Mine Component</Filter>
    </ClInclude>
    <ClInclude Include="MinePhysicsComponent.h">
      <Filter>Header Files\Component\Mine Component</Filter>
    </ClInclude>
    <ClInclude Include="SystemTimerUpdater.h">
      <Filter>Header Files</Filter>
    </ClInclude>
    <ClInclude Include="Invoke.h">
      <Filter>Header Files</Filter>
    </ClInclude>
    <ClInclude Include="EffectObjectFactory.h">
      <Filter>Header Files\Entities</Filter>
    </ClInclude>
    <ClInclude Include="EffectRenderComponent.h">
      <Filter>Header Files\Component\Effect Component</Filter>
    </ClInclude>
    <ClInclude Include="FanObjectFactory.h">
      <Filter>Header Files\Entities</Filter>
    </ClInclude>
    <ClInclude Include="FanRenderComponent.h">
      <Filter>Header Files\Component\Fan Component</Filter>
    </ClInclude>
    <ClInclude Include="FanPhysicsComponent.h">
      <Filter>Header Files\Component\Fan Component</Filter>
    </ClInclude>
    <ClInclude Include="MineObjectFactory.h">
      <Filter>Header Files\Entities</Filter>
    </ClInclude>
    <ClInclude Include="FanComponentIncludes.h">
      <Filter>Header Files\Component\Fan Component</Filter>
    </ClInclude>
    <ClInclude Include="FanLogicComponent.h">
      <Filter>Header Files\Component\Fan Component</Filter>
    </ClInclude>
    <ClInclude Include="ShrapnelExplosionParticle.h">
      <Filter>Header Files\Component</Filter>
    </ClInclude>
    <ClInclude Include="FeatherZoomParticle.h">
      <Filter>Header Files\Component</Filter>
    </ClInclude>
    <ClInclude Include="DustCloudParticle.h">
      <Filter>Header Files\Component</Filter>
    </ClInclude>
    <ClInclude Include="UIComponentIncludes.h">
      <Filter>Header Files\Component\UI Component</Filter>
    </ClInclude>
    <ClInclude Include="UIRenderComponent.h">
      <Filter>Header Files\Component\UI Component</Filter>
    </ClInclude>
    <ClInclude Include="UITypeComponent.h">
      <Filter>Header Files\Component\UI Component</Filter>
    </ClInclude>
    <ClInclude Include="WellObjectFactory.h">
      <Filter>Header Files\Entities</Filter>
    </ClInclude>
    <ClInclude Include="WellLogicComponent.h">
      <Filter>Header Files\Component\Well Component</Filter>
    </ClInclude>
    <ClInclude Include="WellPhysicsComponent.h">
      <Filter>Header Files\Component\Well Component</Filter>
    </ClInclude>
    <ClInclude Include="WellRenderComponent.h">
      <Filter>Header Files\Component\Well Component</Filter>
    </ClInclude>
    <ClInclude Include="LauncherLogicComponent.h">
      <Filter>Header Files\Component\Launcher Component</Filter>
    </ClInclude>
    <ClInclude Include="LauncherPhysicsComponent.h">
      <Filter>Header Files\Component\Launcher Component</Filter>
    </ClInclude>
    <ClInclude Include="LauncherRenderComponent.h">
      <Filter>Header Files\Component\Launcher Component</Filter>
    </ClInclude>
    <ClInclude Include="LauncherObjectFactory.h">
      <Filter>Header Files\Entities</Filter>
    </ClInclude>
    <ClInclude Include="WellComponentIncludes.h">
      <Filter>Header Files\Component\Well Component</Filter>
    </ClInclude>
    <ClInclude Include="LauncherComponentIncludes.h">
      <Filter>Header Files\Component\Launcher Component</Filter>
    </ClInclude>
    <ClInclude Include="BoomerangComponentIncludes.h">
      <Filter>Header Files\Component\Boomerang Component</Filter>
    </ClInclude>
    <ClInclude Include="BoomerangRenderComponent.h">
      <Filter>Header Files\Component\Boomerang Component</Filter>
    </ClInclude>
    <ClInclude Include="BoomerangObjectFactory.h">
      <Filter>Header Files\Entities</Filter>
    </ClInclude>
    <ClInclude Include="BoomerangPhysicsComponent.h">
      <Filter>Header Files\Component\Boomerang Component</Filter>
    </ClInclude>
    <ClInclude Include="BoomerangLogicComponent.h">
      <Filter>Header Files\Component\Boomerang Component</Filter>
    </ClInclude>
    <ClInclude Include="ChargeParticle.h">
      <Filter>Header Files\Component</Filter>
    </ClInclude>
    <ClInclude Include="AbsorbParticle.h">
      <Filter>Header Files\Component</Filter>
    </ClInclude>
    <ClInclude Include="PlayerUIComponent.h">
      <Filter>Header Files\Component\Player Component</Filter>
    </ClInclude>
    <ClInclude Include="ButtonLogicComponent.h">
      <Filter>Header Files\Component\Button Component</Filter>
    </ClInclude>
    <ClInclude Include="ButtonRenderComponent.h">
      <Filter>Header Files\Component\Button Component</Filter>
    </ClInclude>
    <ClInclude Include="ButtonObjectFactory.h">
      <Filter>Header Files\Entities</Filter>
    </ClInclude>
    <ClInclude Include="ButtonComponentIncludes.h">
      <Filter>Header Files\Component\Button Component</Filter>
    </ClInclude>
    <ClInclude Include="Scene.h">
      <Filter>Header Files\Scenes</Filter>
    </ClInclude>
    <ClInclude Include="MainMenu.h">
      <Filter>Header Files\Scenes</Filter>
    </ClInclude>
    <ClInclude Include="Stats.h">
      <Filter>Header Files</Filter>
    </ClInclude>
    <ClInclude Include="GameOver.h">
      <Filter>Header Files\Scenes</Filter>
    </ClInclude>
    <ClInclude Include="EggImplosionParticle.h">
      <Filter>Header Files\Component</Filter>
    </ClInclude>
    <ClInclude Include="LobbyMenu.h">
      <Filter>Header Files\Scenes</Filter>
    </ClInclude>
    <ClInclude Include="TutorialRenderComponent.h">
      <Filter>Header Files</Filter>
    </ClInclude>
    <ClInclude Include="TutorialObjectFactory.h">
      <Filter>Header Files</Filter>
    </ClInclude>
    <ClInclude Include="inGameStatsRenderComponent.h">
      <Filter>Header Files</Filter>
    </ClInclude>
    <ClInclude Include="TextAlignment.h">
      <Filter>Header Files</Filter>
    </ClInclude>
    <ClInclude Include="BackgroundProps.h">
    </ClInclude>
    <ClInclude Include="BoomerangNetworkComponent.h">
      <Filter>Header Files\Component\Boomerang Component</Filter>
    </ClInclude>
    <ClInclude Include="MidBirdRenderComponent.h">
      <Filter>Header Files\Component\MidBird Component</Filter>
    </ClInclude>
    <ClInclude Include="MidBirdObjectFactory.h">
      <Filter>Header Files</Filter>
    </ClInclude>
  </ItemGroup>
  <ItemGroup>
    <ClCompile Include="GameObjectFactory.cpp">
      <Filter>Source Files\Entities</Filter>
    </ClCompile>
    <ClCompile Include="PlayerObjectFactory.cpp">
      <Filter>Source Files\Entities</Filter>
    </ClCompile>
    <ClCompile Include="GameObject.cpp">
      <Filter>Source Files\Entities</Filter>
    </ClCompile>
    <ClCompile Include="PlayerRenderComponent.cpp">
      <Filter>Source Files\Component\Player Component</Filter>
    </ClCompile>
    <ClCompile Include="Component.cpp">
      <Filter>Source Files\Component\Abstract Component</Filter>
    </ClCompile>
    <ClCompile Include="InputComponent.cpp">
      <Filter>Source Files\Component\Abstract Component</Filter>
    </ClCompile>
    <ClCompile Include="MovementComponent.cpp">
      <Filter>Source Files\Component\Abstract Component</Filter>
    </ClCompile>
    <ClCompile Include="RenderComponent.cpp">
      <Filter>Source Files\Component\Abstract Component</Filter>
    </ClCompile>
    <ClCompile Include="SystemRenderUpdater.cpp">
      <Filter>Source Files\Systems</Filter>
    </ClCompile>
    <ClCompile Include="SystemInputUpdater.cpp">
      <Filter>Source Files\Systems</Filter>
    </ClCompile>
    <ClCompile Include="SystemGameObjectQueue.cpp">
      <Filter>Source Files\Systems</Filter>
    </ClCompile>
    <ClCompile Include="PlayerInputComponent.cpp">
      <Filter>Source Files\Component\Player Component</Filter>
    </ClCompile>
    <ClCompile Include="LogicComponent.cpp">
      <Filter>Source Files\Component\Abstract Component</Filter>
    </ClCompile>
    <ClCompile Include="PlayerLogicComponent.cpp">
      <Filter>Source Files\Component\Player Component</Filter>
    </ClCompile>
    <ClCompile Include="SystemLogicUpdater.cpp">
      <Filter>Source Files\Systems</Filter>
    </ClCompile>
    <ClCompile Include="NetworkComponent.cpp">
      <Filter>Source Files\Component\Abstract Component</Filter>
    </ClCompile>
    <ClCompile Include="SystemNetworkUpdater.cpp">
      <Filter>Source Files\Systems</Filter>
    </ClCompile>
    <ClCompile Include="PlayerNetworkComponent.cpp">
      <Filter>Source Files\Component\Player Component</Filter>
    </ClCompile>
    <ClCompile Include="PhysicsComponent.cpp">
      <Filter>Source Files\Component\Abstract Component</Filter>
    </ClCompile>
    <ClCompile Include="SystemPhysicsUpdater.cpp">
      <Filter>Source Files\Systems</Filter>
    </ClCompile>
    <ClCompile Include="PlayerPhysicsComponent.cpp">
      <Filter>Source Files\Component\Player Component</Filter>
    </ClCompile>
    <ClCompile Include="MinionLogicComponent.cpp">
      <Filter>Source Files\Component\Minion Component</Filter>
    </ClCompile>
    <ClCompile Include="MinionNetworkComponent.cpp">
      <Filter>Source Files\Component\Minion Component</Filter>
    </ClCompile>
    <ClCompile Include="MinionPhysicsComponent.cpp">
      <Filter>Source Files\Component\Minion Component</Filter>
    </ClCompile>
    <ClCompile Include="MinionRenderComponent.cpp">
      <Filter>Source Files\Component\Minion Component</Filter>
    </ClCompile>
    <ClCompile Include="MinionObjectFactory.cpp">
      <Filter>Source Files\Entities</Filter>
    </ClCompile>
    <ClCompile Include="FeatherLogicComponent.cpp">
      <Filter>Source Files\Component\Feather Component</Filter>
    </ClCompile>
    <ClCompile Include="FeatherNetworkComponent.cpp">
      <Filter>Source Files\Component\Feather Component</Filter>
    </ClCompile>
    <ClCompile Include="FeatherPhysicsComponent.cpp">
      <Filter>Source Files\Component\Feather Component</Filter>
    </ClCompile>
    <ClCompile Include="FeatherRenderComponent.cpp">
      <Filter>Source Files\Component\Feather Component</Filter>
    </ClCompile>
    <ClCompile Include="FeatherObjectFactory.cpp">
      <Filter>Source Files\Entities</Filter>
    </ClCompile>
    <ClCompile Include="PhysicsListener.cpp">
      <Filter>Source Files</Filter>
    </ClCompile>
    <ClCompile Include="PlatformPhysicsComponent.cpp">
      <Filter>Source Files\Component\Platform Component</Filter>
    </ClCompile>
    <ClCompile Include="PlatformRenderComponent.cpp">
      <Filter>Source Files\Component\Platform Component</Filter>
    </ClCompile>
    <ClCompile Include="PlatformObjectFactory.cpp">
      <Filter>Source Files\Entities</Filter>
    </ClCompile>
    <ClCompile Include="PowerShieldObjectFactory.cpp">
      <Filter>Source Files\Entities</Filter>
    </ClCompile>
    <ClCompile Include="PowerShieldLogicComponent.cpp">
      <Filter>Source Files\Component\Power-Shield Component</Filter>
    </ClCompile>
    <ClCompile Include="PowerShieldRenderComponent.cpp">
      <Filter>Source Files\Component\Power-Shield Component</Filter>
    </ClCompile>
    <ClCompile Include="PowerShieldPhysicsComponent.cpp">
      <Filter>Source Files\Component\Power-Shield Component</Filter>
    </ClCompile>
    <ClCompile Include="PowerShieldNetworkComponent.cpp">
      <Filter>Source Files\Component\Power-Shield Component</Filter>
    </ClCompile>
    <ClCompile Include="MidPlatLogicComponent.cpp">
      <Filter>Source Files\Component\MidPlat Component</Filter>
    </ClCompile>
    <ClCompile Include="MidPlatRenderComponent.cpp">
      <Filter>Source Files\Component\MidPlat Component</Filter>
    </ClCompile>
    <ClCompile Include="MidPlatPhysicsComponent.cpp">
      <Filter>Source Files\Component\MidPlat Component</Filter>
    </ClCompile>
    <ClCompile Include="MidBaseLogicComponent.cpp">
      <Filter>Source Files\Component\MidBase Component</Filter>
    </ClCompile>
    <ClCompile Include="MidBaseRenderComponent.cpp">
      <Filter>Source Files\Component\MidBase Component</Filter>
    </ClCompile>
    <ClCompile Include="MidBasePhysicsComponent.cpp">
      <Filter>Source Files\Component\MidBase Component</Filter>
    </ClCompile>
    <ClCompile Include="MidPlatSwitchRenderComponent.cpp">
      <Filter>Source Files\Component\MidPlatSwitchComponent</Filter>
    </ClCompile>
    <ClCompile Include="MidPlatSwitchPhysicsComponent.cpp">
      <Filter>Source Files\Component\MidPlatSwitchComponent</Filter>
    </ClCompile>
    <ClCompile Include="MidPlatSwitchLogicComponent.cpp">
      <Filter>Source Files\Component\MidPlatSwitchComponent</Filter>
    </ClCompile>
    <ClCompile Include="MidPlatShieldRenderComponent.cpp">
      <Filter>Source Files\Component\MidPlatShieldComponent</Filter>
    </ClCompile>
    <ClCompile Include="MidPlatShieldLogicComponent.cpp">
      <Filter>Source Files\Component\MidPlatShieldComponent</Filter>
    </ClCompile>
    <ClCompile Include="MidPlatShieldPhysicsComponent.cpp">
      <Filter>Source Files\Component\MidPlatShieldComponent</Filter>
    </ClCompile>
    <ClCompile Include="MidPlatObjectFactory.cpp">
      <Filter>Source Files\Entities</Filter>
    </ClCompile>
    <ClCompile Include="start.cpp">
      <Filter>Source Files\Scenes</Filter>
    </ClCompile>
    <ClCompile Include="main.cpp">
      <Filter>Source Files\Scenes</Filter>
    </ClCompile>
    <ClCompile Include="lobby.cpp">
      <Filter>Source Files\Scenes</Filter>
    </ClCompile>
    <ClCompile Include="GameSession.cpp">
      <Filter>Source Files\Scenes</Filter>
    </ClCompile>
    <ClCompile Include="UIObject.cpp">
      <Filter>Source Files\Entities</Filter>
    </ClCompile>
    <ClCompile Include="SystemUIUpdater.cpp">
      <Filter>Source Files\Systems</Filter>
    </ClCompile>
    <ClCompile Include="SystemUIObjectQueue.cpp">
      <Filter>Source Files\Systems</Filter>
    </ClCompile>
    <ClCompile Include="WorldObjectFactory.cpp">
      <Filter>Source Files\Entities</Filter>
    </ClCompile>
    <ClCompile Include="UIObjectFactory.cpp">
      <Filter>Source Files\Entities</Filter>
    </ClCompile>
    <ClCompile Include="UIInputComponent.cpp">
      <Filter>Source Files\Component\UI Component</Filter>
    </ClCompile>
    <ClCompile Include="UIComponent.cpp">
      <Filter>Source Files\Component\Abstract Component</Filter>
    </ClCompile>
    <ClCompile Include="MidBaseObjectFactory.cpp">
      <Filter>Source Files\Entities</Filter>
    </ClCompile>
    <ClCompile Include="ChickenClassComponent.cpp">
      <Filter>Source Files\Component\Player Component\ClassComponent</Filter>
    </ClCompile>
    <ClCompile Include="ClassComponent.cpp">
      <Filter>Source Files\Component\Abstract Component</Filter>
    </ClCompile>
    <ClCompile Include="GameWorld.cpp">
      <Filter>Source Files\Scenes</Filter>
    </ClCompile>
    <ClCompile Include="SystemClassUpdater.cpp">
      <Filter>Source Files\Systems</Filter>
    </ClCompile>
    <ClCompile Include="PeacockClassComponent.cpp">
      <Filter>Source Files\Component\Player Component\ClassComponent</Filter>
    </ClCompile>
    <ClCompile Include="QuailClassComponent.cpp">
      <Filter>Source Files\Component\Player Component\ClassComponent</Filter>
    </ClCompile>
    <ClCompile Include="EagleClassComponent.cpp">
      <Filter>Source Files\Component\Player Component\ClassComponent</Filter>
    </ClCompile>
    <ClCompile Include="FlamingoClassComponent.cpp">
      <Filter>Source Files\Component\Player Component\ClassComponent</Filter>
    </ClCompile>
    <ClCompile Include="TurkeyClassComponent.cpp">
      <Filter>Source Files\Component\Player Component\ClassComponent</Filter>
    </ClCompile>
    <ClCompile Include="GameEnd.cpp">
      <Filter>Source Files\Scenes</Filter>
    </ClCompile>
    <ClCompile Include="ParticleRenderComponent.cpp">
      <Filter>Source Files\Component</Filter>
    </ClCompile>
    <ClCompile Include="MidPlatShieldObjectFactory.cpp">
      <Filter>Source Files\Entities</Filter>
    </ClCompile>
    <ClCompile Include="MineRenderComponent.cpp">
      <Filter>Source Files\Component\Mine Component</Filter>
    </ClCompile>
    <ClCompile Include="MineLogicComponent.cpp">
      <Filter>Source Files\Component\Mine Component</Filter>
    </ClCompile>
    <ClCompile Include="MinePhysicsComponent.cpp">
      <Filter>Source Files\Component\Mine Component</Filter>
    </ClCompile>
    <ClCompile Include="SystemTimerUpdater.cpp">
      <Filter>Source Files</Filter>
    </ClCompile>
    <ClCompile Include="Invoke.cpp">
      <Filter>Source Files</Filter>
    </ClCompile>
    <ClCompile Include="EffectObjectFactory.cpp">
      <Filter>Source Files\Entities</Filter>
    </ClCompile>
    <ClCompile Include="EffectRenderComponent.cpp">
      <Filter>Source Files\Component\Effect Component</Filter>
    </ClCompile>
    <ClCompile Include="MineObjectFactory.cpp">
      <Filter>Source Files\Entities</Filter>
    </ClCompile>
    <ClCompile Include="FanObjectFactory.cpp">
      <Filter>Source Files\Entities</Filter>
    </ClCompile>
    <ClCompile Include="FanRenderComponent.cpp">
      <Filter>Source Files\Component\Fan Component</Filter>
    </ClCompile>
    <ClCompile Include="FanPhysicsComponent.cpp">
      <Filter>Source Files\Component\Fan Component</Filter>
    </ClCompile>
    <ClCompile Include="FanLogicComponent.cpp">
      <Filter>Source Files\Component\Fan Component</Filter>
    </ClCompile>
    <ClCompile Include="ShrapnelExplosionParticle.cpp">
      <Filter>Source Files\Component</Filter>
    </ClCompile>
    <ClCompile Include="FeatherZoomParticle.cpp">
      <Filter>Source Files\Component</Filter>
    </ClCompile>
    <ClCompile Include="DustCloudParticle.cpp">
      <Filter>Source Files\Component</Filter>
    </ClCompile>
    <ClCompile Include="UITypeComponent.cpp">
      <Filter>Source Files\Component\UI Component</Filter>
    </ClCompile>
    <ClCompile Include="UIRenderComponent.cpp">
      <Filter>Source Files\Component\UI Component</Filter>
    </ClCompile>
    <ClCompile Include="WellObjectFactory.cpp">
      <Filter>Source Files\Entities</Filter>
    </ClCompile>
    <ClCompile Include="WellLogicComponent.cpp">
      <Filter>Source Files\Component\Well Component</Filter>
    </ClCompile>
    <ClCompile Include="WellPhysicsComponent.cpp">
      <Filter>Source Files\Component\Well Component</Filter>
    </ClCompile>
    <ClCompile Include="WellRenderComponent.cpp">
      <Filter>Source Files\Component\Well Component</Filter>
    </ClCompile>
    <ClCompile Include="LauncherRenderComponent.cpp">
      <Filter>Source Files\Component\Launcher Component</Filter>
    </ClCompile>
    <ClCompile Include="LauncherLogicComponent.cpp">
      <Filter>Source Files\Component\Launcher Component</Filter>
    </ClCompile>
    <ClCompile Include="LauncherPhysicsComponent.cpp">
      <Filter>Source Files\Component\Launcher Component</Filter>
    </ClCompile>
    <ClCompile Include="LauncherObjectFactory.cpp">
      <Filter>Source Files\Entities</Filter>
    </ClCompile>
    <ClCompile Include="BoomerangObjectFactory.cpp">
      <Filter>Source Files\Entities</Filter>
    </ClCompile>
    <ClCompile Include="BoomerangRenderComponent.cpp">
      <Filter>Source Files\Component\Boomerang Component</Filter>
    </ClCompile>
    <ClCompile Include="BoomerangPhysicsComponent.cpp">
      <Filter>Source Files\Component\Boomerang Component</Filter>
    </ClCompile>
    <ClCompile Include="BoomerangLogicComponent.cpp">
      <Filter>Source Files\Component\Boomerang Component</Filter>
    </ClCompile>
    <ClCompile Include="ChargeParticle.cpp">
      <Filter>Source Files\Component</Filter>
    </ClCompile>
    <ClCompile Include="AbsorbParticle.cpp">
      <Filter>Source Files\Component</Filter>
    </ClCompile>
    <ClCompile Include="PlayerUIComponent.cpp">
      <Filter>Source Files\Component\Player Component</Filter>
    </ClCompile>
    <ClCompile Include="ButtonLogicComponent.cpp">
      <Filter>Source Files\Component\Button Component</Filter>
    </ClCompile>
    <ClCompile Include="ButtonRenderComponent.cpp">
      <Filter>Source Files\Component\Button Component</Filter>
    </ClCompile>
    <ClCompile Include="ButtonObjectFactory.cpp">
      <Filter>Source Files\Entities</Filter>
    </ClCompile>
    <ClCompile Include="Scene.cpp">
      <Filter>Source Files\Scenes</Filter>
    </ClCompile>
    <ClCompile Include="MainMenu.cpp">
      <Filter>Source Files\Scenes</Filter>
    </ClCompile>
    <ClCompile Include="Stats.cpp">
      <Filter>Source Files</Filter>
    </ClCompile>
    <ClCompile Include="GameOver.cpp">
      <Filter>Source Files\Scenes</Filter>
    </ClCompile>
    <ClCompile Include="LobbyMenu.cpp">
      <Filter>Source Files\Scenes</Filter>
    </ClCompile>
    <ClCompile Include="TutorialRenderComponent.cpp">
      <Filter>Source Files</Filter>
    </ClCompile>
    <ClCompile Include="EggImplosionParticle.cpp">
      <Filter>Source Files\Component</Filter>
    </ClCompile>
    <ClCompile Include="TutorialObjectFactory.cpp">
      <Filter>Source Files</Filter>
    </ClCompile>
    <ClCompile Include="inGameStatsRenderComponent.cpp">
      <Filter>Source Files</Filter>
    </ClCompile>
    <ClCompile Include="TextAlignment.cpp">
      <Filter>Source Files</Filter>
    </ClCompile>
    <ClCompile Include="BackgroundProps.cpp">
      <Filter>Source Files\Component</Filter>
    </ClCompile>
    <ClCompile Include="BoomerangNetworkComponent.cpp">
      <Filter>Source Files\Component\Boomerang Component</Filter>
    </ClCompile>
    <ClCompile Include="MidBirdRenderComponent.cpp">
      <Filter>Source Files\Component\MidBird Component</Filter>
    </ClCompile>
    <ClCompile Include="MidBirdObjectFactory.cpp">
      <Filter>Source Files\Entities</Filter>
    </ClCompile>
  </ItemGroup>
</Project>