<?xml version="1.0" encoding="utf-8"?>
<Project ToolsVersion="4.0" xmlns="http://schemas.microsoft.com/developer/msbuild/2003">
  <ItemGroup>
    <Filter Include="Source Files">
      <UniqueIdentifier>{4FC737F1-C7A5-4376-A066-2A32D752A2FF}</UniqueIdentifier>
      <Extensions>cpp;c;cc;cxx;def;odl;idl;hpj;bat;asm;asmx</Extensions>
    </Filter>
    <Filter Include="Header Files">
      <UniqueIdentifier>{93995380-89BD-4b04-88EB-625FBE52EBFB}</UniqueIdentifier>
      <Extensions>h;hh;hpp;hxx;hm;inl;inc;xsd</Extensions>
    </Filter>
    <Filter Include="Resource Files">
      <UniqueIdentifier>{67DA6AB6-F800-4c08-8B7A-83BB121AAD01}</UniqueIdentifier>
      <Extensions>rc;ico;cur;bmp;dlg;rc2;rct;bin;rgs;gif;jpg;jpeg;jpe;resx;tiff;tif;png;wav;mfcribbon-ms</Extensions>
    </Filter>
    <Filter Include="Header Files\Render Classes">
      <UniqueIdentifier>{08f24da7-bf1b-4277-9c1d-2c76c2959901}</UniqueIdentifier>
    </Filter>
    <Filter Include="Header Files\Util">
      <UniqueIdentifier>{8ebfde0d-e8d3-48f9-8d63-8cb92ff740d5}</UniqueIdentifier>
    </Filter>
    <Filter Include="Header Files\Resource Classes">
      <UniqueIdentifier>{6de43760-f1a8-4c99-a39c-e1bef94d582c}</UniqueIdentifier>
    </Filter>
    <Filter Include="Header Files\Input Classes">
      <UniqueIdentifier>{4bcaf08b-a147-42be-bb90-275d04ea4f0b}</UniqueIdentifier>
    </Filter>
  </ItemGroup>
  <ItemGroup>
    <ClInclude Include="include\RenderResource.h">
      <Filter>Header Files\Render Classes</Filter>
    </ClInclude>
    <ClInclude Include="include\RenderManager.h">
      <Filter>Header Files\Render Classes</Filter>
    </ClInclude>
    <ClInclude Include="include\SDLRenderObject.h">
      <Filter>Header Files\Render Classes</Filter>
    </ClInclude>
    <ClInclude Include="include\LogManager.h">
      <Filter>Header Files\Util</Filter>
    </ClInclude>
    <ClInclude Include="include\EngineObject.h">
      <Filter>Header Files\Util</Filter>
    </ClInclude>
    <ClInclude Include="include\SpriteObject.h">
      <Filter>Header Files\Render Classes</Filter>
    </ClInclude>
    <ClInclude Include="include\tinyxml2.h">
      <Filter>Header Files\Util</Filter>
    </ClInclude>
    <ClInclude Include="include\SquadIO.h">
      <Filter>Header Files\Util</Filter>
    </ClInclude>
    <ClInclude Include="include\gameResource.h">
      <Filter>Header Files\Resource Classes</Filter>
    </ClInclude>
    <ClInclude Include="include\ResourceManager.h">
      <Filter>Header Files\Resource Classes</Filter>
    </ClInclude>
    <ClInclude Include="include\SceneManager.h">
      <Filter>Header Files\Util</Filter>
    </ClInclude>
    <ClInclude Include="include\InputMap.h">
      <Filter>Header Files\Input Classes</Filter>
    </ClInclude>
    <ClInclude Include="include\InputManager.h">
      <Filter>Header Files\Input Classes</Filter>
    </ClInclude>
  </ItemGroup>
  <ItemGroup>
    <ClCompile Include="src\EngineObject.cpp">
      <Filter>Source Files</Filter>
    </ClCompile>
    <ClCompile Include="src\gameResource.cpp">
      <Filter>Source Files</Filter>
    </ClCompile>
    <ClCompile Include="src\LogManager.cpp">
      <Filter>Source Files</Filter>
    </ClCompile>
    <ClCompile Include="src\RenderManager.cpp">
      <Filter>Source Files</Filter>
    </ClCompile>
    <ClCompile Include="src\RenderResource.cpp">
      <Filter>Source Files</Filter>
    </ClCompile>
    <ClCompile Include="src\ResourceManager.cpp">
      <Filter>Source Files</Filter>
    </ClCompile>
    <ClCompile Include="src\SDLRenderObject.cpp">
      <Filter>Source Files</Filter>
    </ClCompile>
    <ClCompile Include="src\SpriteObject.cpp">
      <Filter>Source Files</Filter>
    </ClCompile>
    <ClCompile Include="src\SquadIO.cpp">
      <Filter>Source Files</Filter>
    </ClCompile>
    <ClCompile Include="src\tinyxml2.cpp">
      <Filter>Source Files</Filter>
    </ClCompile>
    <ClCompile Include="src\cException.cpp">
      <Filter>Source Files</Filter>
    </ClCompile>
    <ClCompile Include="src\SceneManager.cpp">
      <Filter>Source Files</Filter>
    </ClCompile>
    <ClCompile Include="src\InputManager.cpp">
      <Filter>Source Files</Filter>
    </ClCompile>
  </ItemGroup>
</Project>