<?xml version="1.0" encoding="utf-8"?>
<Project ToolsVersion="4.0" xmlns="http://schemas.microsoft.com/developer/msbuild/2003">
  <ItemGroup>
    <ClCompile Include="DeliveryNotificationManager.cpp" />
    <ClCompile Include="src\AudioManager.cpp" />
    <ClCompile Include="src\AudioResource.cpp" />
    <ClCompile Include="src\EngineObject.cpp" />
    <ClCompile Include="src\gameResource.cpp" />
    <ClCompile Include="src\InputManager.cpp" />
    <ClCompile Include="src\LogManager.cpp" />
    <ClCompile Include="src\network\BirdMath.cpp" />
    <ClCompile Include="src\network\Command.cpp" />
    <ClCompile Include="src\network\CommandList.cpp" />
    <ClCompile Include="src\network\GamerServicesSteam.cpp" />
    <ClCompile Include="src\network\MemoryBitStream.cpp" />
    <ClCompile Include="src\network\NetworkManager.cpp" />
    <ClCompile Include="src\network\RandGen.cpp" />
    <ClCompile Include="src\network\Timing.cpp" />
    <ClCompile Include="src\network\TurnData.cpp" />
    <ClCompile Include="src\RenderManager.cpp" />
    <ClCompile Include="src\RenderResource.cpp" />
    <ClCompile Include="src\ResourceManager.cpp" />
    <ClCompile Include="src\SceneManager.cpp" />
    <ClCompile Include="src\SDLAudioObject.cpp" />
    <ClCompile Include="src\SDLRenderObject.cpp" />
    <ClCompile Include="src\SquadIO.cpp" />
    <ClCompile Include="src\tinyxml2.cpp" />
    <ClCompile Include="src\cException.cpp" />
  </ItemGroup>
  <ItemGroup>
    <ClInclude Include="include\AudioManager.h" />
    <ClInclude Include="include\AudioResource.h" />
    <ClInclude Include="include\EngineObject.h" />
    <ClInclude Include="include\gameResource.h" />
    <ClInclude Include="include\network\BirdMath.h" />
    <ClInclude Include="include\network\Command.h" />
    <ClInclude Include="include\network\CommandList.h" />
    <ClInclude Include="include\network\DeliveryNotificationManager.h" />
    <ClInclude Include="include\network\GamerServices.h" />
    <ClInclude Include="include\network\MemoryBitStream.h" />
    <ClInclude Include="include\network\NetIncludes.h" />
    <ClInclude Include="include\network\RandGen.h" />
    <ClInclude Include="include\network\Timing.h" />
    <ClInclude Include="include\network\TurnData.h" />
    <ClInclude Include="include\network\WeightedTimedMovingAverage.h" />
    <ClInclude Include="include\InputManager.h" />
    <ClInclude Include="include\InputMap.h" />
    <ClInclude Include="include\SceneManager.h" />
    <ClInclude Include="include\SDLAudioObject.h" />
    <ClInclude Include="include\tinyxml2.h" />
    <ClInclude Include="include\LogManager.h" />
    <ClInclude Include="include\RenderManager.h" />
    <ClInclude Include="include\RenderResource.h" />
    <ClInclude Include="include\ResourceManager.h" />
    <ClInclude Include="include\SDLRenderObject.h" />
    <ClInclude Include="include\SquadIO.h" />
    <ClInclude Include="zlib\include\zconf.h" />
    <ClInclude Include="zlib\include\zlib.h" />
    <ClInclude Include="include\network\NetworkManager.h">
      <Filter>network</Filter>
    </ClInclude>
  </ItemGroup>
  <ItemGroup>
    <Library Include="zlib\lib\zdll.lib" />
  </ItemGroup>
  <ItemGroup>
    <Filter Include="network">
      <UniqueIdentifier>{1225a64d-e5c3-443a-872d-a175eec9ee47}</UniqueIdentifier>
    </Filter>
  </ItemGroup>
</Project>